
Microsoft Visual Studio Solution File, Format Version 12.00
# Visual Studio Version 16
VisualStudioVersion = 16.0.31702.278
MinimumVisualStudioVersion = 10.0.40219.1
Project("{888888A0-9F3D-457C-B088-3A5042F75D52}") = "Lab1", "Lab1\Lab1.pyproj", "{C8EE63ED-46DA-403D-A0DB-55141E54ECD4}"
EndProject
Global
	GlobalSection(SolutionConfigurationPlatforms) = preSolution
		Debug|Any CPU = Debug|Any CPU
		Release|Any CPU = Release|Any CPU
	EndGlobalSection
	GlobalSection(ProjectConfigurationPlatforms) = postSolution
		{C8EE63ED-46DA-403D-A0DB-55141E54ECD4}.Debug|Any CPU.ActiveCfg = Debug|Any CPU
		{C8EE63ED-46DA-403D-A0DB-55141E54ECD4}.Release|Any CPU.ActiveCfg = Release|Any CPU
	EndGlobalSection
	GlobalSection(SolutionProperties) = preSolution
		HideSolutionNode = FALSE
	EndGlobalSection
	GlobalSection(ExtensibilityGlobals) = postSolution
		SolutionGuid = {29D5656D-0407-41AE-AD86-FAD9D11BB5A1}
	EndGlobalSection
EndGlobal
